
Microsoft Visual Studio Solution File, Format Version 12.00
# Visual Studio Version 17
VisualStudioVersion = 17.9.34616.47
MinimumVisualStudioVersion = 10.0.40219.1
Project("{FAE04EC0-301F-11D3-BF4B-00C04F79EFBC}") = "ProgramingPOEPart1", "ProgramingPOEPart1.csproj", "{81DA0F44-6071-4B15-AD9F-68D318EB0610}"
EndProject
Global
	GlobalSection(SolutionConfigurationPlatforms) = preSolution
		Debug|Any CPU = Debug|Any CPU
		Release|Any CPU = Release|Any CPU
	EndGlobalSection
	GlobalSection(ProjectConfigurationPlatforms) = postSolution
		{81DA0F44-6071-4B15-AD9F-68D318EB0610}.Debug|Any CPU.ActiveCfg = Debug|Any CPU
		{81DA0F44-6071-4B15-AD9F-68D318EB0610}.Debug|Any CPU.Build.0 = Debug|Any CPU
		{81DA0F44-6071-4B15-AD9F-68D318EB0610}.Release|Any CPU.ActiveCfg = Release|Any CPU
		{81DA0F44-6071-4B15-AD9F-68D318EB0610}.Release|Any CPU.Build.0 = Release|Any CPU
	EndGlobalSection
	GlobalSection(SolutionProperties) = preSolution
		HideSolutionNode = FALSE
	EndGlobalSection
	GlobalSection(ExtensibilityGlobals) = postSolution
		SolutionGuid = {6A51C3FF-145E-4FA9-8F9D-38B035973B3E}
	EndGlobalSection
EndGlobal
